# This file is automatically @generated by Cargo.
# It is not intended for manual editing.
version = 3

[[package]]
name = "fdt"
version = "0.1.5"
source = "registry+https://github.com/rust-lang/crates.io-index"
checksum = "784a4df722dc6267a04af36895398f59d21d07dce47232adf31ec0ff2fa45e67"

[[package]]
name = "libc"
version = "0.2.150"

[[package]]
name = "rust_flight"
version = "0.1.0"
dependencies = [
 "fdt",
 "libc",
]
